
Microsoft Visual Studio Solution File, Format Version 12.00
# Visual Studio Version 17
VisualStudioVersion = 17.4.33213.308
MinimumVisualStudioVersion = 10.0.40219.1
Project("{9A19103F-16F7-4668-BE54-9A1E7A4F7556}") = "Lession1", "Lession1\Lession1.csproj", "{35FDFE9C-EA33-4017-B21F-E3D4F1F3387A}"
EndProject
Project("{FAE04EC0-301F-11D3-BF4B-00C04F79EFBC}") = "Lession2", "Lession2\Lession2.csproj", "{7919691B-E776-4679-83F9-B828D874F019}"
EndProject
Global
	GlobalSection(SolutionConfigurationPlatforms) = preSolution
		Debug|Any CPU = Debug|Any CPU
		Release|Any CPU = Release|Any CPU
	EndGlobalSection
	GlobalSection(ProjectConfigurationPlatforms) = postSolution
		{35FDFE9C-EA33-4017-B21F-E3D4F1F3387A}.Debug|Any CPU.ActiveCfg = Debug|Any CPU
		{35FDFE9C-EA33-4017-B21F-E3D4F1F3387A}.Debug|Any CPU.Build.0 = Debug|Any CPU
		{35FDFE9C-EA33-4017-B21F-E3D4F1F3387A}.Release|Any CPU.ActiveCfg = Release|Any CPU
		{35FDFE9C-EA33-4017-B21F-E3D4F1F3387A}.Release|Any CPU.Build.0 = Release|Any CPU
		{7919691B-E776-4679-83F9-B828D874F019}.Debug|Any CPU.ActiveCfg = Debug|Any CPU
		{7919691B-E776-4679-83F9-B828D874F019}.Debug|Any CPU.Build.0 = Debug|Any CPU
		{7919691B-E776-4679-83F9-B828D874F019}.Release|Any CPU.ActiveCfg = Release|Any CPU
		{7919691B-E776-4679-83F9-B828D874F019}.Release|Any CPU.Build.0 = Release|Any CPU
	EndGlobalSection
	GlobalSection(SolutionProperties) = preSolution
		HideSolutionNode = FALSE
	EndGlobalSection
	GlobalSection(ExtensibilityGlobals) = postSolution
		SolutionGuid = {50386AC8-8989-4CD5-A173-0F7672FEF68F}
	EndGlobalSection
EndGlobal
